
Microsoft Visual Studio Solution File, Format Version 12.00
# Visual Studio Version 16
VisualStudioVersion = 16.0.30621.155
MinimumVisualStudioVersion = 10.0.40219.1
Project("{F184B08F-C81C-45F6-A57F-5ABD9991F28F}") = "PetsApp", "PetsApp\PetsApp.vbproj", "{5E587AE7-288A-49B2-82B1-6F6A76B87DFA}"
EndProject
Global
	GlobalSection(SolutionConfigurationPlatforms) = preSolution
		Debug|Any CPU = Debug|Any CPU
		Release|Any CPU = Release|Any CPU
	EndGlobalSection
	GlobalSection(ProjectConfigurationPlatforms) = postSolution
		{5E587AE7-288A-49B2-82B1-6F6A76B87DFA}.Debug|Any CPU.ActiveCfg = Debug|Any CPU
		{5E587AE7-288A-49B2-82B1-6F6A76B87DFA}.Debug|Any CPU.Build.0 = Debug|Any CPU
		{5E587AE7-288A-49B2-82B1-6F6A76B87DFA}.Release|Any CPU.ActiveCfg = Release|Any CPU
		{5E587AE7-288A-49B2-82B1-6F6A76B87DFA}.Release|Any CPU.Build.0 = Release|Any CPU
	EndGlobalSection
	GlobalSection(SolutionProperties) = preSolution
		HideSolutionNode = FALSE
	EndGlobalSection
	GlobalSection(ExtensibilityGlobals) = postSolution
		SolutionGuid = {DAD9E5F6-CC69-4CA1-8CFB-84CD8D3A07A4}
	EndGlobalSection
EndGlobal
